# THIS IS AN AUTOGENERATED FILE. DO NOT EDIT THIS FILE DIRECTLY.
# yarn lockfile v1


"@bokuweb/zstd-wasm@0.0.21-alpha.5":
  version "0.0.21-alpha.5"
  resolved "https://registry.yarnpkg.com/@bokuweb/zstd-wasm/-/zstd-wasm-0.0.21-alpha.5.tgz#e8f8732b639f727fec48fa6516e575aff685cd73"
  integrity sha512-HydRNavt4rlQH3sbAG1iksR9V9+AsxfAXSzG5zRoksFn0f+yq8VqJ/BFp5MdcGt6lzNdELDiCOjKvJ3NpSc+Qw==
