# THIS IS AN AUTOGENERATED FILE. DO NOT EDIT THIS FILE DIRECTLY.
# yarn lockfile v1


"@bokuweb/zstd-wasm@^0.0.19":
  version "0.0.19"
  resolved "https://registry.yarnpkg.com/@bokuweb/zstd-wasm/-/zstd-wasm-0.0.19.tgz#51b267db13f98850eca1d277eb32330a1e0044df"
  integrity sha512-Y17cCvp1Fc70j3h3NP0QPlOblWwBwWQyDDAdQjxgJgc4/H7z4CsFLc9SRfdPX7owiMVJGlmEnPmV9tMLM8jsKw==
