# THIS IS AN AUTOGENERATED FILE. DO NOT EDIT THIS FILE DIRECTLY.
# yarn lockfile v1


"@bokuweb/zstd-wasm@^0.0.14":
  version "0.0.14"
  resolved "https://registry.yarnpkg.com/@bokuweb/zstd-wasm/-/zstd-wasm-0.0.14.tgz#7a966aeab675ba42cbcf6cba84c70a3aece1cca9"
  integrity sha512-5pkce57OteVrDbtkEi2lWF8viH4MtMLry6BikYV1xtkVxTXQuOu6cLBv08yGWrEfw/oRp6TAkpTAndOVx9OpKA==
