# THIS IS AN AUTOGENERATED FILE. DO NOT EDIT THIS FILE DIRECTLY.
# yarn lockfile v1


"@bokuweb/zstd-wasm@^0.0.17":
  version "0.0.17"
  resolved "https://registry.yarnpkg.com/@bokuweb/zstd-wasm/-/zstd-wasm-0.0.17.tgz#e180d65fa89d498b2b62cfd272a662c58422e2a4"
  integrity sha512-Ov4HQePHwgeVMRh5ub9+Rk2+SuzvAgeq7epWxEtzQ8WnzVyh3bZQQsdz32rKpd3HU3M+iRPip2/naIyDPjPZUQ==
